// !$*UTF8*$!
{
	archiveVersion = 1;
	classes = {
	};
	objectVersion = 50;
	objects = {

/* Begin PBXBuildFile section */
		D423DD9B234FC1FD002FAE7F /* DateFormatters.swift in Sources */ = {isa = PBXBuildFile; fileRef = D423DD9A234FC1FD002FAE7F /* DateFormatters.swift */; };
		D435FD32234F8CDC00FD6DCC /* UnsplashPhoto.swift in Sources */ = {isa = PBXBuildFile; fileRef = D435FD31234F8CDC00FD6DCC /* UnsplashPhoto.swift */; };
		D435FD34234F8CE900FD6DCC /* UnsplashRoute.swift in Sources */ = {isa = PBXBuildFile; fileRef = D435FD33234F8CE900FD6DCC /* UnsplashRoute.swift */; };
		D435FD36234F8D0B00FD6DCC /* UnsplashService.swift in Sources */ = {isa = PBXBuildFile; fileRef = D435FD35234F8D0B00FD6DCC /* UnsplashService.swift */; };
		D43CA0D4235E47BE00EA743E /* Reachability.swift in Sources */ = {isa = PBXBuildFile; fileRef = D43CA0D3235E47BE00EA743E /* Reachability.swift */; };
		D43CA0D6235E495400EA743E /* NoNetworkFound.storyboard in Resources */ = {isa = PBXBuildFile; fileRef = D43CA0D5235E495400EA743E /* NoNetworkFound.storyboard */; };
		D43CA0D8235E4CA200EA743E /* NoNetworkFoundViewController.swift in Sources */ = {isa = PBXBuildFile; fileRef = D43CA0D7235E4CA200EA743E /* NoNetworkFoundViewController.swift */; };
		D490124D235D073300569245 /* EULAViewController.swift in Sources */ = {isa = PBXBuildFile; fileRef = D490124C235D073300569245 /* EULAViewController.swift */; };
		D4A8BD4A235567AF000B8D21 /* ZoLabel.swift in Sources */ = {isa = PBXBuildFile; fileRef = D4A8BD49235567AF000B8D21 /* ZoLabel.swift */; };
		D4A8BD4C23577225000B8D21 /* UsernameController.swift in Sources */ = {isa = PBXBuildFile; fileRef = D4A8BD4B23577225000B8D21 /* UsernameController.swift */; };
		D4CDD46F234E8E8E00A6D5C5 /* AppDelegate.swift in Sources */ = {isa = PBXBuildFile; fileRef = D4CDD46E234E8E8E00A6D5C5 /* AppDelegate.swift */; };
		D4CDD471234E8E8E00A6D5C5 /* SceneDelegate.swift in Sources */ = {isa = PBXBuildFile; fileRef = D4CDD470234E8E8E00A6D5C5 /* SceneDelegate.swift */; };
		D4CDD478234E8E8E00A6D5C5 /* Assets.xcassets in Resources */ = {isa = PBXBuildFile; fileRef = D4CDD477234E8E8E00A6D5C5 /* Assets.xcassets */; };
		D4CDD47B234E8E8E00A6D5C5 /* LaunchScreen.storyboard in Resources */ = {isa = PBXBuildFile; fileRef = D4CDD479234E8E8E00A6D5C5 /* LaunchScreen.storyboard */; };
		D4CDD4A2234E8F4100A6D5C5 /* DeletePastDailyEntryViewController.swift in Sources */ = {isa = PBXBuildFile; fileRef = D4CDD484234E8F4100A6D5C5 /* DeletePastDailyEntryViewController.swift */; };
		D4CDD4A3234E8F4100A6D5C5 /* PastDailyEntryViewController.swift in Sources */ = {isa = PBXBuildFile; fileRef = D4CDD485234E8F4100A6D5C5 /* PastDailyEntryViewController.swift */; };
		D4CDD4A4234E8F4100A6D5C5 /* DailyViewController.swift in Sources */ = {isa = PBXBuildFile; fileRef = D4CDD486234E8F4100A6D5C5 /* DailyViewController.swift */; };
		D4CDD4A5234E8F4100A6D5C5 /* ResponseTableViewCell.swift in Sources */ = {isa = PBXBuildFile; fileRef = D4CDD489234E8F4100A6D5C5 /* ResponseTableViewCell.swift */; };
		D4CDD4A6234E8F4100A6D5C5 /* ActiveRequestsTableViewCell.swift in Sources */ = {isa = PBXBuildFile; fileRef = D4CDD48A234E8F4100A6D5C5 /* ActiveRequestsTableViewCell.swift */; };
		D4CDD4A7234E8F4100A6D5C5 /* PastRequestsTableViewCell.swift in Sources */ = {isa = PBXBuildFile; fileRef = D4CDD48B234E8F4100A6D5C5 /* PastRequestsTableViewCell.swift */; };
		D4CDD4A8234E8F4100A6D5C5 /* ActiveRequestViewController.swift in Sources */ = {isa = PBXBuildFile; fileRef = D4CDD48C234E8F4100A6D5C5 /* ActiveRequestViewController.swift */; };
		D4CDD4A9234E8F4100A6D5C5 /* RespondToRequestViewController.swift in Sources */ = {isa = PBXBuildFile; fileRef = D4CDD48D234E8F4100A6D5C5 /* RespondToRequestViewController.swift */; };
		D4CDD4AA234E8F4100A6D5C5 /* FlagPostAlertViewController.swift in Sources */ = {isa = PBXBuildFile; fileRef = D4CDD48E234E8F4100A6D5C5 /* FlagPostAlertViewController.swift */; };
		D4CDD4AB234E8F4100A6D5C5 /* RequestFeedViewController.swift in Sources */ = {isa = PBXBuildFile; fileRef = D4CDD48F234E8F4100A6D5C5 /* RequestFeedViewController.swift */; };
		D4CDD4AC234E8F4100A6D5C5 /* FavoriteResponseAlertViewController.swift in Sources */ = {isa = PBXBuildFile; fileRef = D4CDD490234E8F4100A6D5C5 /* FavoriteResponseAlertViewController.swift */; };
		D4CDD4AD234E8F4100A6D5C5 /* CreateRequestViewController.swift in Sources */ = {isa = PBXBuildFile; fileRef = D4CDD491234E8F4100A6D5C5 /* CreateRequestViewController.swift */; };
		D4CDD4AE234E8F4100A6D5C5 /* RulesAlertViewController.swift in Sources */ = {isa = PBXBuildFile; fileRef = D4CDD492234E8F4100A6D5C5 /* RulesAlertViewController.swift */; };
		D4CDD4AF234E8F4100A6D5C5 /* BlockUserAlertViewController.swift in Sources */ = {isa = PBXBuildFile; fileRef = D4CDD493234E8F4100A6D5C5 /* BlockUserAlertViewController.swift */; };
		D4CDD4B0234E8F4100A6D5C5 /* BookmarkResponseAlertViewController.swift in Sources */ = {isa = PBXBuildFile; fileRef = D4CDD494234E8F4100A6D5C5 /* BookmarkResponseAlertViewController.swift */; };
		D4CDD4B1234E8F4100A6D5C5 /* ProfileViewCell.swift in Sources */ = {isa = PBXBuildFile; fileRef = D4CDD497234E8F4100A6D5C5 /* ProfileViewCell.swift */; };
		D4CDD4B2234E8F4100A6D5C5 /* ProfileViewController.swift in Sources */ = {isa = PBXBuildFile; fileRef = D4CDD498234E8F4100A6D5C5 /* ProfileViewController.swift */; };
		D4CDD4B3234E8F4100A6D5C5 /* PointsAndRankVC.swift in Sources */ = {isa = PBXBuildFile; fileRef = D4CDD49A234E8F4100A6D5C5 /* PointsAndRankVC.swift */; };
		D4CDD4B4234E8F4100A6D5C5 /* MainTabViewController.swift in Sources */ = {isa = PBXBuildFile; fileRef = D4CDD49C234E8F4100A6D5C5 /* MainTabViewController.swift */; };
		D4CDD4B5234E8F4100A6D5C5 /* HowItWorksOnboardingViewController.swift in Sources */ = {isa = PBXBuildFile; fileRef = D4CDD49E234E8F4100A6D5C5 /* HowItWorksOnboardingViewController.swift */; };
		D4CDD4B6234E8F4100A6D5C5 /* WelcomeOnboardingViewController.swift in Sources */ = {isa = PBXBuildFile; fileRef = D4CDD49F234E8F4100A6D5C5 /* WelcomeOnboardingViewController.swift */; };
		D4CDD4B7234E8F4100A6D5C5 /* RulesOnboardingViewController.swift in Sources */ = {isa = PBXBuildFile; fileRef = D4CDD4A0234E8F4100A6D5C5 /* RulesOnboardingViewController.swift */; };
		D4CDD4B8234E8F4100A6D5C5 /* UsernameOnboardingViewController.swift in Sources */ = {isa = PBXBuildFile; fileRef = D4CDD4A1234E8F4100A6D5C5 /* UsernameOnboardingViewController.swift */; };
		D4CDD4BF234E8F5500A6D5C5 /* ChakraController.swift in Sources */ = {isa = PBXBuildFile; fileRef = D4CDD4BA234E8F5500A6D5C5 /* ChakraController.swift */; };
		D4CDD4C0234E8F5500A6D5C5 /* ResponseController.swift in Sources */ = {isa = PBXBuildFile; fileRef = D4CDD4BB234E8F5500A6D5C5 /* ResponseController.swift */; };
		D4CDD4C1234E8F5500A6D5C5 /* DailyController.swift in Sources */ = {isa = PBXBuildFile; fileRef = D4CDD4BC234E8F5500A6D5C5 /* DailyController.swift */; };
		D4CDD4C2234E8F5500A6D5C5 /* RequestController.swift in Sources */ = {isa = PBXBuildFile; fileRef = D4CDD4BD234E8F5500A6D5C5 /* RequestController.swift */; };
		D4CDD4C3234E8F5500A6D5C5 /* UserController.swift in Sources */ = {isa = PBXBuildFile; fileRef = D4CDD4BE234E8F5500A6D5C5 /* UserController.swift */; };
		D4CDD4CF234E8F5A00A6D5C5 /* User.swift in Sources */ = {isa = PBXBuildFile; fileRef = D4CDD4C7234E8F5A00A6D5C5 /* User.swift */; };
		D4CDD4D0234E8F5A00A6D5C5 /* Response.swift in Sources */ = {isa = PBXBuildFile; fileRef = D4CDD4C8234E8F5A00A6D5C5 /* Response.swift */; };
		D4CDD4D1234E8F5A00A6D5C5 /* Daily.swift in Sources */ = {isa = PBXBuildFile; fileRef = D4CDD4C9234E8F5A00A6D5C5 /* Daily.swift */; };
		D4CDD4D2234E8F5A00A6D5C5 /* Request.swift in Sources */ = {isa = PBXBuildFile; fileRef = D4CDD4CA234E8F5A00A6D5C5 /* Request.swift */; };
		D4CDD4E4234E8F7000A6D5C5 /* RulesAlert.storyboard in Resources */ = {isa = PBXBuildFile; fileRef = D4CDD4D6234E8F7000A6D5C5 /* RulesAlert.storyboard */; };
		D4CDD4E5234E8F7000A6D5C5 /* Onboarding.storyboard in Resources */ = {isa = PBXBuildFile; fileRef = D4CDD4D7234E8F7000A6D5C5 /* Onboarding.storyboard */; };
		D4CDD4E6234E8F7000A6D5C5 /* FavoriteResponseAlert.storyboard in Resources */ = {isa = PBXBuildFile; fileRef = D4CDD4D8234E8F7000A6D5C5 /* FavoriteResponseAlert.storyboard */; };
		D4CDD4E7234E8F7000A6D5C5 /* Profile.storyboard in Resources */ = {isa = PBXBuildFile; fileRef = D4CDD4D9234E8F7000A6D5C5 /* Profile.storyboard */; };
		D4CDD4E8234E8F7000A6D5C5 /* Requests.storyboard in Resources */ = {isa = PBXBuildFile; fileRef = D4CDD4DA234E8F7000A6D5C5 /* Requests.storyboard */; };
		D4CDD4E9234E8F7000A6D5C5 /* BookmarkResponseAlert.storyboard in Resources */ = {isa = PBXBuildFile; fileRef = D4CDD4DB234E8F7000A6D5C5 /* BookmarkResponseAlert.storyboard */; };
		D4CDD4EA234E8F7000A6D5C5 /* FlagPostAlert.storyboard in Resources */ = {isa = PBXBuildFile; fileRef = D4CDD4DC234E8F7000A6D5C5 /* FlagPostAlert.storyboard */; };
		D4CDD4EB234E8F7000A6D5C5 /* PointsAndRank.storyboard in Resources */ = {isa = PBXBuildFile; fileRef = D4CDD4DD234E8F7000A6D5C5 /* PointsAndRank.storyboard */; };
		D4CDD4ED234E8F7000A6D5C5 /* TabController.storyboard in Resources */ = {isa = PBXBuildFile; fileRef = D4CDD4E0234E8F7000A6D5C5 /* TabController.storyboard */; };
		D4CDD4EE234E8F7000A6D5C5 /* BlockUserAlert.storyboard in Resources */ = {isa = PBXBuildFile; fileRef = D4CDD4E1234E8F7000A6D5C5 /* BlockUserAlert.storyboard */; };
		D4CDD4EF234E8F7000A6D5C5 /* CreateRequest.storyboard in Resources */ = {isa = PBXBuildFile; fileRef = D4CDD4E2234E8F7000A6D5C5 /* CreateRequest.storyboard */; };
		D4CDD4F0234E8F7000A6D5C5 /* Daily.storyboard in Resources */ = {isa = PBXBuildFile; fileRef = D4CDD4E3234E8F7000A6D5C5 /* Daily.storyboard */; };
		D4CDD4F5234E908500A6D5C5 /* CloudKit.framework in Frameworks */ = {isa = PBXBuildFile; fileRef = D4CDD4F4234E908500A6D5C5 /* CloudKit.framework */; };
		FC00D8A62350D26800BC2C30 /* TextViewExtension.swift in Sources */ = {isa = PBXBuildFile; fileRef = FC00D8A52350D26800BC2C30 /* TextViewExtension.swift */; };
		FC00D8A82350F5FC00BC2C30 /* ZoButton.swift in Sources */ = {isa = PBXBuildFile; fileRef = FC00D8A72350F5FC00BC2C30 /* ZoButton.swift */; };
		FC00D8AB2350FB0A00BC2C30 /* PastDailyEntriesTableViewCell.swift in Sources */ = {isa = PBXBuildFile; fileRef = FC00D8AA2350FB0A00BC2C30 /* PastDailyEntriesTableViewCell.swift */; };
		FC93FE2B234F9F8200F65581 /* StyleGuide.swift in Sources */ = {isa = PBXBuildFile; fileRef = FC93FE2A234F9F8200F65581 /* StyleGuide.swift */; };
		FC93FE2D234F9FB000F65581 /* Colors.xcassets in Resources */ = {isa = PBXBuildFile; fileRef = FC93FE2C234F9FB000F65581 /* Colors.xcassets */; };
		FC93FE30234FA3C900F65581 /* FingerPaint-Regular.ttf in Resources */ = {isa = PBXBuildFile; fileRef = FC93FE2F234FA3C900F65581 /* FingerPaint-Regular.ttf */; };
		FC93FE32234FA3E000F65581 /* Lato-Bold.ttf in Resources */ = {isa = PBXBuildFile; fileRef = FC93FE31234FA3E000F65581 /* Lato-Bold.ttf */; };
		FC93FE34234FA3E900F65581 /* Lato-BoldItalic.ttf in Resources */ = {isa = PBXBuildFile; fileRef = FC93FE33234FA3E900F65581 /* Lato-BoldItalic.ttf */; };
		FC93FE36234FA3F300F65581 /* Lato-Regular.ttf in Resources */ = {isa = PBXBuildFile; fileRef = FC93FE35234FA3F300F65581 /* Lato-Regular.ttf */; };
		FC93FE38234FA3FB00F65581 /* Lato-RegularItalic.ttf in Resources */ = {isa = PBXBuildFile; fileRef = FC93FE37234FA3FB00F65581 /* Lato-RegularItalic.ttf */; };
		FC93FE3A234FC37C00F65581 /* OnboardingTextField.swift in Sources */ = {isa = PBXBuildFile; fileRef = FC93FE39234FC37C00F65581 /* OnboardingTextField.swift */; };
		FC93FE3C234FCE8300F65581 /* OnBoardingButton.swift in Sources */ = {isa = PBXBuildFile; fileRef = FC93FE3B234FCE8200F65581 /* OnBoardingButton.swift */; };
		FCC8FC282356209200EE22FC /* myRequestsTableViewCell.swift in Sources */ = {isa = PBXBuildFile; fileRef = FCC8FC262356209200EE22FC /* myRequestsTableViewCell.swift */; };
		FCC8FC292356209200EE22FC /* myRequestsTableViewCell.xib in Resources */ = {isa = PBXBuildFile; fileRef = FCC8FC272356209200EE22FC /* myRequestsTableViewCell.xib */; };
/* End PBXBuildFile section */

/* Begin PBXFileReference section */
		D423DD9A234FC1FD002FAE7F /* DateFormatters.swift */ = {isa = PBXFileReference; lastKnownFileType = sourcecode.swift; path = DateFormatters.swift; sourceTree = "<group>"; };
		D435FD31234F8CDC00FD6DCC /* UnsplashPhoto.swift */ = {isa = PBXFileReference; fileEncoding = 4; lastKnownFileType = sourcecode.swift; path = UnsplashPhoto.swift; sourceTree = "<group>"; };
		D435FD33234F8CE900FD6DCC /* UnsplashRoute.swift */ = {isa = PBXFileReference; fileEncoding = 4; lastKnownFileType = sourcecode.swift; path = UnsplashRoute.swift; sourceTree = "<group>"; };
		D435FD35234F8D0B00FD6DCC /* UnsplashService.swift */ = {isa = PBXFileReference; fileEncoding = 4; lastKnownFileType = sourcecode.swift; path = UnsplashService.swift; sourceTree = "<group>"; };
		D43CA0D3235E47BE00EA743E /* Reachability.swift */ = {isa = PBXFileReference; lastKnownFileType = sourcecode.swift; path = Reachability.swift; sourceTree = "<group>"; };
		D43CA0D5235E495400EA743E /* NoNetworkFound.storyboard */ = {isa = PBXFileReference; lastKnownFileType = file.storyboard; path = NoNetworkFound.storyboard; sourceTree = "<group>"; };
		D43CA0D7235E4CA200EA743E /* NoNetworkFoundViewController.swift */ = {isa = PBXFileReference; lastKnownFileType = sourcecode.swift; path = NoNetworkFoundViewController.swift; sourceTree = "<group>"; };
		D490124C235D073300569245 /* EULAViewController.swift */ = {isa = PBXFileReference; lastKnownFileType = sourcecode.swift; path = EULAViewController.swift; sourceTree = "<group>"; };
		D4A8BD49235567AF000B8D21 /* ZoLabel.swift */ = {isa = PBXFileReference; lastKnownFileType = sourcecode.swift; path = ZoLabel.swift; sourceTree = "<group>"; };
		D4A8BD4B23577225000B8D21 /* UsernameController.swift */ = {isa = PBXFileReference; lastKnownFileType = sourcecode.swift; path = UsernameController.swift; sourceTree = "<group>"; };
		D4CDD46B234E8E8E00A6D5C5 /* Zo.app */ = {isa = PBXFileReference; explicitFileType = wrapper.application; includeInIndex = 0; path = Zo.app; sourceTree = BUILT_PRODUCTS_DIR; };
		D4CDD46E234E8E8E00A6D5C5 /* AppDelegate.swift */ = {isa = PBXFileReference; lastKnownFileType = sourcecode.swift; path = AppDelegate.swift; sourceTree = "<group>"; };
		D4CDD470234E8E8E00A6D5C5 /* SceneDelegate.swift */ = {isa = PBXFileReference; lastKnownFileType = sourcecode.swift; path = SceneDelegate.swift; sourceTree = "<group>"; };
		D4CDD477234E8E8E00A6D5C5 /* Assets.xcassets */ = {isa = PBXFileReference; lastKnownFileType = folder.assetcatalog; path = Assets.xcassets; sourceTree = "<group>"; };
		D4CDD47A234E8E8E00A6D5C5 /* Base */ = {isa = PBXFileReference; lastKnownFileType = file.storyboard; name = Base; path = Base.lproj/LaunchScreen.storyboard; sourceTree = "<group>"; };
		D4CDD47C234E8E8E00A6D5C5 /* Info.plist */ = {isa = PBXFileReference; lastKnownFileType = text.plist.xml; path = Info.plist; sourceTree = "<group>"; };
		D4CDD484234E8F4100A6D5C5 /* DeletePastDailyEntryViewController.swift */ = {isa = PBXFileReference; fileEncoding = 4; lastKnownFileType = sourcecode.swift; path = DeletePastDailyEntryViewController.swift; sourceTree = "<group>"; };
		D4CDD485234E8F4100A6D5C5 /* PastDailyEntryViewController.swift */ = {isa = PBXFileReference; fileEncoding = 4; lastKnownFileType = sourcecode.swift; path = PastDailyEntryViewController.swift; sourceTree = "<group>"; };
		D4CDD486234E8F4100A6D5C5 /* DailyViewController.swift */ = {isa = PBXFileReference; fileEncoding = 4; lastKnownFileType = sourcecode.swift; path = DailyViewController.swift; sourceTree = "<group>"; };
		D4CDD489234E8F4100A6D5C5 /* ResponseTableViewCell.swift */ = {isa = PBXFileReference; fileEncoding = 4; lastKnownFileType = sourcecode.swift; path = ResponseTableViewCell.swift; sourceTree = "<group>"; };
		D4CDD48A234E8F4100A6D5C5 /* ActiveRequestsTableViewCell.swift */ = {isa = PBXFileReference; fileEncoding = 4; lastKnownFileType = sourcecode.swift; path = ActiveRequestsTableViewCell.swift; sourceTree = "<group>"; };
		D4CDD48B234E8F4100A6D5C5 /* PastRequestsTableViewCell.swift */ = {isa = PBXFileReference; fileEncoding = 4; lastKnownFileType = sourcecode.swift; path = PastRequestsTableViewCell.swift; sourceTree = "<group>"; };
		D4CDD48C234E8F4100A6D5C5 /* ActiveRequestViewController.swift */ = {isa = PBXFileReference; fileEncoding = 4; lastKnownFileType = sourcecode.swift; path = ActiveRequestViewController.swift; sourceTree = "<group>"; };
		D4CDD48D234E8F4100A6D5C5 /* RespondToRequestViewController.swift */ = {isa = PBXFileReference; fileEncoding = 4; lastKnownFileType = sourcecode.swift; path = RespondToRequestViewController.swift; sourceTree = "<group>"; };
		D4CDD48E234E8F4100A6D5C5 /* FlagPostAlertViewController.swift */ = {isa = PBXFileReference; fileEncoding = 4; lastKnownFileType = sourcecode.swift; path = FlagPostAlertViewController.swift; sourceTree = "<group>"; };
		D4CDD48F234E8F4100A6D5C5 /* RequestFeedViewController.swift */ = {isa = PBXFileReference; fileEncoding = 4; lastKnownFileType = sourcecode.swift; path = RequestFeedViewController.swift; sourceTree = "<group>"; };
		D4CDD490234E8F4100A6D5C5 /* FavoriteResponseAlertViewController.swift */ = {isa = PBXFileReference; fileEncoding = 4; lastKnownFileType = sourcecode.swift; path = FavoriteResponseAlertViewController.swift; sourceTree = "<group>"; };
		D4CDD491234E8F4100A6D5C5 /* CreateRequestViewController.swift */ = {isa = PBXFileReference; fileEncoding = 4; lastKnownFileType = sourcecode.swift; path = CreateRequestViewController.swift; sourceTree = "<group>"; };
		D4CDD492234E8F4100A6D5C5 /* RulesAlertViewController.swift */ = {isa = PBXFileReference; fileEncoding = 4; lastKnownFileType = sourcecode.swift; path = RulesAlertViewController.swift; sourceTree = "<group>"; };
		D4CDD493234E8F4100A6D5C5 /* BlockUserAlertViewController.swift */ = {isa = PBXFileReference; fileEncoding = 4; lastKnownFileType = sourcecode.swift; path = BlockUserAlertViewController.swift; sourceTree = "<group>"; };
		D4CDD494234E8F4100A6D5C5 /* BookmarkResponseAlertViewController.swift */ = {isa = PBXFileReference; fileEncoding = 4; lastKnownFileType = sourcecode.swift; path = BookmarkResponseAlertViewController.swift; sourceTree = "<group>"; };
		D4CDD497234E8F4100A6D5C5 /* ProfileViewCell.swift */ = {isa = PBXFileReference; fileEncoding = 4; lastKnownFileType = sourcecode.swift; path = ProfileViewCell.swift; sourceTree = "<group>"; };
		D4CDD498234E8F4100A6D5C5 /* ProfileViewController.swift */ = {isa = PBXFileReference; fileEncoding = 4; lastKnownFileType = sourcecode.swift; path = ProfileViewController.swift; sourceTree = "<group>"; };
		D4CDD49A234E8F4100A6D5C5 /* PointsAndRankVC.swift */ = {isa = PBXFileReference; fileEncoding = 4; lastKnownFileType = sourcecode.swift; path = PointsAndRankVC.swift; sourceTree = "<group>"; };
		D4CDD49C234E8F4100A6D5C5 /* MainTabViewController.swift */ = {isa = PBXFileReference; fileEncoding = 4; lastKnownFileType = sourcecode.swift; path = MainTabViewController.swift; sourceTree = "<group>"; };
		D4CDD49E234E8F4100A6D5C5 /* HowItWorksOnboardingViewController.swift */ = {isa = PBXFileReference; fileEncoding = 4; lastKnownFileType = sourcecode.swift; path = HowItWorksOnboardingViewController.swift; sourceTree = "<group>"; };
		D4CDD49F234E8F4100A6D5C5 /* WelcomeOnboardingViewController.swift */ = {isa = PBXFileReference; fileEncoding = 4; lastKnownFileType = sourcecode.swift; path = WelcomeOnboardingViewController.swift; sourceTree = "<group>"; };
		D4CDD4A0234E8F4100A6D5C5 /* RulesOnboardingViewController.swift */ = {isa = PBXFileReference; fileEncoding = 4; lastKnownFileType = sourcecode.swift; path = RulesOnboardingViewController.swift; sourceTree = "<group>"; };
		D4CDD4A1234E8F4100A6D5C5 /* UsernameOnboardingViewController.swift */ = {isa = PBXFileReference; fileEncoding = 4; lastKnownFileType = sourcecode.swift; path = UsernameOnboardingViewController.swift; sourceTree = "<group>"; };
		D4CDD4BA234E8F5500A6D5C5 /* ChakraController.swift */ = {isa = PBXFileReference; fileEncoding = 4; lastKnownFileType = sourcecode.swift; path = ChakraController.swift; sourceTree = "<group>"; };
		D4CDD4BB234E8F5500A6D5C5 /* ResponseController.swift */ = {isa = PBXFileReference; fileEncoding = 4; lastKnownFileType = sourcecode.swift; path = ResponseController.swift; sourceTree = "<group>"; };
		D4CDD4BC234E8F5500A6D5C5 /* DailyController.swift */ = {isa = PBXFileReference; fileEncoding = 4; lastKnownFileType = sourcecode.swift; path = DailyController.swift; sourceTree = "<group>"; };
		D4CDD4BD234E8F5500A6D5C5 /* RequestController.swift */ = {isa = PBXFileReference; fileEncoding = 4; lastKnownFileType = sourcecode.swift; path = RequestController.swift; sourceTree = "<group>"; };
		D4CDD4BE234E8F5500A6D5C5 /* UserController.swift */ = {isa = PBXFileReference; fileEncoding = 4; lastKnownFileType = sourcecode.swift; path = UserController.swift; sourceTree = "<group>"; };
		D4CDD4C7234E8F5A00A6D5C5 /* User.swift */ = {isa = PBXFileReference; fileEncoding = 4; lastKnownFileType = sourcecode.swift; path = User.swift; sourceTree = "<group>"; };
		D4CDD4C8234E8F5A00A6D5C5 /* Response.swift */ = {isa = PBXFileReference; fileEncoding = 4; lastKnownFileType = sourcecode.swift; path = Response.swift; sourceTree = "<group>"; };
		D4CDD4C9234E8F5A00A6D5C5 /* Daily.swift */ = {isa = PBXFileReference; fileEncoding = 4; lastKnownFileType = sourcecode.swift; path = Daily.swift; sourceTree = "<group>"; };
		D4CDD4CA234E8F5A00A6D5C5 /* Request.swift */ = {isa = PBXFileReference; fileEncoding = 4; lastKnownFileType = sourcecode.swift; path = Request.swift; sourceTree = "<group>"; };
		D4CDD4D6234E8F7000A6D5C5 /* RulesAlert.storyboard */ = {isa = PBXFileReference; fileEncoding = 4; lastKnownFileType = file.storyboard; path = RulesAlert.storyboard; sourceTree = "<group>"; };
		D4CDD4D7234E8F7000A6D5C5 /* Onboarding.storyboard */ = {isa = PBXFileReference; fileEncoding = 4; lastKnownFileType = file.storyboard; path = Onboarding.storyboard; sourceTree = "<group>"; };
		D4CDD4D8234E8F7000A6D5C5 /* FavoriteResponseAlert.storyboard */ = {isa = PBXFileReference; fileEncoding = 4; lastKnownFileType = file.storyboard; path = FavoriteResponseAlert.storyboard; sourceTree = "<group>"; };
		D4CDD4D9234E8F7000A6D5C5 /* Profile.storyboard */ = {isa = PBXFileReference; fileEncoding = 4; lastKnownFileType = file.storyboard; path = Profile.storyboard; sourceTree = "<group>"; };
		D4CDD4DA234E8F7000A6D5C5 /* Requests.storyboard */ = {isa = PBXFileReference; fileEncoding = 4; lastKnownFileType = file.storyboard; path = Requests.storyboard; sourceTree = "<group>"; };
		D4CDD4DB234E8F7000A6D5C5 /* BookmarkResponseAlert.storyboard */ = {isa = PBXFileReference; fileEncoding = 4; lastKnownFileType = file.storyboard; path = BookmarkResponseAlert.storyboard; sourceTree = "<group>"; };
		D4CDD4DC234E8F7000A6D5C5 /* FlagPostAlert.storyboard */ = {isa = PBXFileReference; fileEncoding = 4; lastKnownFileType = file.storyboard; path = FlagPostAlert.storyboard; sourceTree = "<group>"; };
		D4CDD4DD234E8F7000A6D5C5 /* PointsAndRank.storyboard */ = {isa = PBXFileReference; fileEncoding = 4; lastKnownFileType = file.storyboard; path = PointsAndRank.storyboard; sourceTree = "<group>"; };
		D4CDD4E0234E8F7000A6D5C5 /* TabController.storyboard */ = {isa = PBXFileReference; fileEncoding = 4; lastKnownFileType = file.storyboard; path = TabController.storyboard; sourceTree = "<group>"; };
		D4CDD4E1234E8F7000A6D5C5 /* BlockUserAlert.storyboard */ = {isa = PBXFileReference; fileEncoding = 4; lastKnownFileType = file.storyboard; path = BlockUserAlert.storyboard; sourceTree = "<group>"; };
		D4CDD4E2234E8F7000A6D5C5 /* CreateRequest.storyboard */ = {isa = PBXFileReference; fileEncoding = 4; lastKnownFileType = file.storyboard; path = CreateRequest.storyboard; sourceTree = "<group>"; };
		D4CDD4E3234E8F7000A6D5C5 /* Daily.storyboard */ = {isa = PBXFileReference; fileEncoding = 4; lastKnownFileType = file.storyboard; path = Daily.storyboard; sourceTree = "<group>"; };
		D4CDD4F2234E908200A6D5C5 /* ZoApp.entitlements */ = {isa = PBXFileReference; lastKnownFileType = text.plist.entitlements; path = ZoApp.entitlements; sourceTree = "<group>"; };
		D4CDD4F4234E908500A6D5C5 /* CloudKit.framework */ = {isa = PBXFileReference; lastKnownFileType = wrapper.framework; name = CloudKit.framework; path = System/Library/Frameworks/CloudKit.framework; sourceTree = SDKROOT; };
		FC00D8A52350D26800BC2C30 /* TextViewExtension.swift */ = {isa = PBXFileReference; lastKnownFileType = sourcecode.swift; path = TextViewExtension.swift; sourceTree = "<group>"; };
		FC00D8A72350F5FC00BC2C30 /* ZoButton.swift */ = {isa = PBXFileReference; lastKnownFileType = sourcecode.swift; path = ZoButton.swift; sourceTree = "<group>"; };
		FC00D8AA2350FB0A00BC2C30 /* PastDailyEntriesTableViewCell.swift */ = {isa = PBXFileReference; lastKnownFileType = sourcecode.swift; path = PastDailyEntriesTableViewCell.swift; sourceTree = "<group>"; };
		FC93FE2A234F9F8200F65581 /* StyleGuide.swift */ = {isa = PBXFileReference; lastKnownFileType = sourcecode.swift; path = StyleGuide.swift; sourceTree = "<group>"; };
		FC93FE2C234F9FB000F65581 /* Colors.xcassets */ = {isa = PBXFileReference; lastKnownFileType = folder.assetcatalog; path = Colors.xcassets; sourceTree = "<group>"; };
		FC93FE2F234FA3C900F65581 /* FingerPaint-Regular.ttf */ = {isa = PBXFileReference; lastKnownFileType = file; path = "FingerPaint-Regular.ttf"; sourceTree = "<group>"; };
		FC93FE31234FA3E000F65581 /* Lato-Bold.ttf */ = {isa = PBXFileReference; lastKnownFileType = file; path = "Lato-Bold.ttf"; sourceTree = "<group>"; };
		FC93FE33234FA3E900F65581 /* Lato-BoldItalic.ttf */ = {isa = PBXFileReference; lastKnownFileType = file; path = "Lato-BoldItalic.ttf"; sourceTree = "<group>"; };
		FC93FE35234FA3F300F65581 /* Lato-Regular.ttf */ = {isa = PBXFileReference; lastKnownFileType = file; path = "Lato-Regular.ttf"; sourceTree = "<group>"; };
		FC93FE37234FA3FB00F65581 /* Lato-RegularItalic.ttf */ = {isa = PBXFileReference; lastKnownFileType = file; path = "Lato-RegularItalic.ttf"; sourceTree = "<group>"; };
		FC93FE39234FC37C00F65581 /* OnboardingTextField.swift */ = {isa = PBXFileReference; lastKnownFileType = sourcecode.swift; path = OnboardingTextField.swift; sourceTree = "<group>"; };
		FC93FE3B234FCE8200F65581 /* OnBoardingButton.swift */ = {isa = PBXFileReference; lastKnownFileType = sourcecode.swift; path = OnBoardingButton.swift; sourceTree = "<group>"; };
		FCC8FC262356209200EE22FC /* myRequestsTableViewCell.swift */ = {isa = PBXFileReference; lastKnownFileType = sourcecode.swift; path = myRequestsTableViewCell.swift; sourceTree = "<group>"; };
		FCC8FC272356209200EE22FC /* myRequestsTableViewCell.xib */ = {isa = PBXFileReference; lastKnownFileType = file.xib; path = myRequestsTableViewCell.xib; sourceTree = "<group>"; };
/* End PBXFileReference section */

/* Begin PBXFrameworksBuildPhase section */
		D4CDD468234E8E8E00A6D5C5 /* Frameworks */ = {
			isa = PBXFrameworksBuildPhase;
			buildActionMask = 2147483647;
			files = (
				D4CDD4F5234E908500A6D5C5 /* CloudKit.framework in Frameworks */,
			);
			runOnlyForDeploymentPostprocessing = 0;
		};
/* End PBXFrameworksBuildPhase section */

/* Begin PBXGroup section */
		D423DD99234FC1DB002FAE7F /* Helpers */ = {
			isa = PBXGroup;
			children = (
				D423DD9A234FC1FD002FAE7F /* DateFormatters.swift */,
			);
			path = Helpers;
			sourceTree = "<group>";
		};
		D43CA0D9235E4CA600EA743E /* NoNetworkFound */ = {
			isa = PBXGroup;
			children = (
				D43CA0D7235E4CA200EA743E /* NoNetworkFoundViewController.swift */,
			);
			path = NoNetworkFound;
			sourceTree = "<group>";
		};
		D4CDD462234E8E8D00A6D5C5 = {
			isa = PBXGroup;
			children = (
				D4CDD46D234E8E8E00A6D5C5 /* ZoApp */,
				D4CDD46C234E8E8E00A6D5C5 /* Products */,
				D4CDD4F3234E908500A6D5C5 /* Frameworks */,
			);
			sourceTree = "<group>";
		};
		D4CDD46C234E8E8E00A6D5C5 /* Products */ = {
			isa = PBXGroup;
			children = (
				D4CDD46B234E8E8E00A6D5C5 /* Zo.app */,
			);
			name = Products;
			sourceTree = "<group>";
		};
		D4CDD46D234E8E8E00A6D5C5 /* ZoApp */ = {
			isa = PBXGroup;
			children = (
				D4CDD4F2234E908200A6D5C5 /* ZoApp.entitlements */,
				D423DD99234FC1DB002FAE7F /* Helpers */,
				FC93FE29234F9F5A00F65581 /* StyleGuide */,
				D4CDD482234E8F4100A6D5C5 /* View Controllers */,
				D4CDD4B9234E8F5500A6D5C5 /* Model Controllers */,
				D4CDD4C4234E8F5A00A6D5C5 /* Models */,
				D4CDD4D5234E8F7000A6D5C5 /* Storyboards */,
				D4CDD4F1234E8FDB00A6D5C5 /* Resources */,
			);
			path = ZoApp;
			sourceTree = "<group>";
		};
		D4CDD482234E8F4100A6D5C5 /* View Controllers */ = {
			isa = PBXGroup;
			children = (
				D4CDD483234E8F4100A6D5C5 /* Daily */,
				D4CDD487234E8F4100A6D5C5 /* Requests */,
				D4CDD495234E8F4100A6D5C5 /* Profile */,
				D4CDD49B234E8F4100A6D5C5 /* Tab View Controller */,
				D4CDD49D234E8F4100A6D5C5 /* Onboarding */,
				D43CA0D9235E4CA600EA743E /* NoNetworkFound */,
			);
			path = "View Controllers";
			sourceTree = "<group>";
		};
		D4CDD483234E8F4100A6D5C5 /* Daily */ = {
			isa = PBXGroup;
			children = (
				FC00D8A92350FAAF00BC2C30 /* Custom Cells */,
				D4CDD484234E8F4100A6D5C5 /* DeletePastDailyEntryViewController.swift */,
				D4CDD485234E8F4100A6D5C5 /* PastDailyEntryViewController.swift */,
				D4CDD486234E8F4100A6D5C5 /* DailyViewController.swift */,
			);
			path = Daily;
			sourceTree = "<group>";
		};
		D4CDD487234E8F4100A6D5C5 /* Requests */ = {
			isa = PBXGroup;
			children = (
				D4CDD488234E8F4100A6D5C5 /* Custom Cells */,
				D4CDD48C234E8F4100A6D5C5 /* ActiveRequestViewController.swift */,
				D4CDD48D234E8F4100A6D5C5 /* RespondToRequestViewController.swift */,
				D4CDD48E234E8F4100A6D5C5 /* FlagPostAlertViewController.swift */,
				D4CDD48F234E8F4100A6D5C5 /* RequestFeedViewController.swift */,
				D4CDD490234E8F4100A6D5C5 /* FavoriteResponseAlertViewController.swift */,
				D4CDD491234E8F4100A6D5C5 /* CreateRequestViewController.swift */,
				D4CDD492234E8F4100A6D5C5 /* RulesAlertViewController.swift */,
				D4CDD493234E8F4100A6D5C5 /* BlockUserAlertViewController.swift */,
				D4CDD494234E8F4100A6D5C5 /* BookmarkResponseAlertViewController.swift */,
			);
			path = Requests;
			sourceTree = "<group>";
		};
		D4CDD488234E8F4100A6D5C5 /* Custom Cells */ = {
			isa = PBXGroup;
			children = (
				D4CDD489234E8F4100A6D5C5 /* ResponseTableViewCell.swift */,
				D4CDD48A234E8F4100A6D5C5 /* ActiveRequestsTableViewCell.swift */,
				D4CDD48B234E8F4100A6D5C5 /* PastRequestsTableViewCell.swift */,
			);
			path = "Custom Cells";
			sourceTree = "<group>";
		};
		D4CDD495234E8F4100A6D5C5 /* Profile */ = {
			isa = PBXGroup;
			children = (
				D4CDD496234E8F4100A6D5C5 /* Custom Cells */,
				D4CDD498234E8F4100A6D5C5 /* ProfileViewController.swift */,
				D4CDD499234E8F4100A6D5C5 /* Custom Views */,
			);
			path = Profile;
			sourceTree = "<group>";
		};
		D4CDD496234E8F4100A6D5C5 /* Custom Cells */ = {
			isa = PBXGroup;
			children = (
				D4CDD497234E8F4100A6D5C5 /* ProfileViewCell.swift */,
			);
			path = "Custom Cells";
			sourceTree = "<group>";
		};
		D4CDD499234E8F4100A6D5C5 /* Custom Views */ = {
			isa = PBXGroup;
			children = (
				D4CDD49A234E8F4100A6D5C5 /* PointsAndRankVC.swift */,
			);
			path = "Custom Views";
			sourceTree = "<group>";
		};
		D4CDD49B234E8F4100A6D5C5 /* Tab View Controller */ = {
			isa = PBXGroup;
			children = (
				D4CDD49C234E8F4100A6D5C5 /* MainTabViewController.swift */,
			);
			path = "Tab View Controller";
			sourceTree = "<group>";
		};
		D4CDD49D234E8F4100A6D5C5 /* Onboarding */ = {
			isa = PBXGroup;
			children = (
				D4CDD49E234E8F4100A6D5C5 /* HowItWorksOnboardingViewController.swift */,
				D4CDD49F234E8F4100A6D5C5 /* WelcomeOnboardingViewController.swift */,
				D4CDD4A0234E8F4100A6D5C5 /* RulesOnboardingViewController.swift */,
				D4CDD4A1234E8F4100A6D5C5 /* UsernameOnboardingViewController.swift */,
				D490124C235D073300569245 /* EULAViewController.swift */,
			);
			path = Onboarding;
			sourceTree = "<group>";
		};
		D4CDD4B9234E8F5500A6D5C5 /* Model Controllers */ = {
			isa = PBXGroup;
			children = (
				D4CDD4BA234E8F5500A6D5C5 /* ChakraController.swift */,
				D4CDD4BB234E8F5500A6D5C5 /* ResponseController.swift */,
				D4CDD4BC234E8F5500A6D5C5 /* DailyController.swift */,
				D4CDD4BD234E8F5500A6D5C5 /* RequestController.swift */,
				D4CDD4BE234E8F5500A6D5C5 /* UserController.swift */,
				D435FD33234F8CE900FD6DCC /* UnsplashRoute.swift */,
				D435FD35234F8D0B00FD6DCC /* UnsplashService.swift */,
				D4A8BD4B23577225000B8D21 /* UsernameController.swift */,
			);
			path = "Model Controllers";
			sourceTree = "<group>";
		};
		D4CDD4C4234E8F5A00A6D5C5 /* Models */ = {
			isa = PBXGroup;
			children = (
				D4CDD4C7234E8F5A00A6D5C5 /* User.swift */,
				D4CDD4C8234E8F5A00A6D5C5 /* Response.swift */,
				D4CDD4C9234E8F5A00A6D5C5 /* Daily.swift */,
				D4CDD4CA234E8F5A00A6D5C5 /* Request.swift */,
				D435FD31234F8CDC00FD6DCC /* UnsplashPhoto.swift */,
			);
			path = Models;
			sourceTree = "<group>";
		};
		D4CDD4D5234E8F7000A6D5C5 /* Storyboards */ = {
			isa = PBXGroup;
			children = (
				FCC8FC2A2356217F00EE22FC /* XIB Cells */,
				D4CDD479234E8E8E00A6D5C5 /* LaunchScreen.storyboard */,
				D4CDD4D6234E8F7000A6D5C5 /* RulesAlert.storyboard */,
				D4CDD4D7234E8F7000A6D5C5 /* Onboarding.storyboard */,
				D4CDD4D8234E8F7000A6D5C5 /* FavoriteResponseAlert.storyboard */,
				D4CDD4D9234E8F7000A6D5C5 /* Profile.storyboard */,
				D4CDD4DA234E8F7000A6D5C5 /* Requests.storyboard */,
				D4CDD4DB234E8F7000A6D5C5 /* BookmarkResponseAlert.storyboard */,
				D4CDD4DC234E8F7000A6D5C5 /* FlagPostAlert.storyboard */,
				D4CDD4DD234E8F7000A6D5C5 /* PointsAndRank.storyboard */,
				D4CDD4E0234E8F7000A6D5C5 /* TabController.storyboard */,
				D4CDD4E1234E8F7000A6D5C5 /* BlockUserAlert.storyboard */,
				D4CDD4E2234E8F7000A6D5C5 /* CreateRequest.storyboard */,
				D4CDD4E3234E8F7000A6D5C5 /* Daily.storyboard */,
				D43CA0D5235E495400EA743E /* NoNetworkFound.storyboard */,
			);
			path = Storyboards;
			sourceTree = "<group>";
		};
		D4CDD4F1234E8FDB00A6D5C5 /* Resources */ = {
			isa = PBXGroup;
			children = (
				FC93FE2E234FA38800F65581 /* Fonts */,
				D4CDD47C234E8E8E00A6D5C5 /* Info.plist */,
				D4CDD46E234E8E8E00A6D5C5 /* AppDelegate.swift */,
				D4CDD470234E8E8E00A6D5C5 /* SceneDelegate.swift */,
				D4CDD477234E8E8E00A6D5C5 /* Assets.xcassets */,
				FC93FE2C234F9FB000F65581 /* Colors.xcassets */,
				D43CA0D3235E47BE00EA743E /* Reachability.swift */,
			);
			path = Resources;
			sourceTree = "<group>";
		};
		D4CDD4F3234E908500A6D5C5 /* Frameworks */ = {
			isa = PBXGroup;
			children = (
				D4CDD4F4234E908500A6D5C5 /* CloudKit.framework */,
			);
			name = Frameworks;
			sourceTree = "<group>";
		};
		FC00D8A92350FAAF00BC2C30 /* Custom Cells */ = {
			isa = PBXGroup;
			children = (
				FC00D8AA2350FB0A00BC2C30 /* PastDailyEntriesTableViewCell.swift */,
			);
			path = "Custom Cells";
			sourceTree = "<group>";
		};
		FC93FE29234F9F5A00F65581 /* StyleGuide */ = {
			isa = PBXGroup;
			children = (
				FC93FE2A234F9F8200F65581 /* StyleGuide.swift */,
				FC93FE39234FC37C00F65581 /* OnboardingTextField.swift */,
				FC93FE3B234FCE8200F65581 /* OnBoardingButton.swift */,
				FC00D8A52350D26800BC2C30 /* TextViewExtension.swift */,
				FC00D8A72350F5FC00BC2C30 /* ZoButton.swift */,
				D4A8BD49235567AF000B8D21 /* ZoLabel.swift */,
			);
			path = StyleGuide;
			sourceTree = "<group>";
		};
		FC93FE2E234FA38800F65581 /* Fonts */ = {
			isa = PBXGroup;
			children = (
				FC93FE37234FA3FB00F65581 /* Lato-RegularItalic.ttf */,
				FC93FE35234FA3F300F65581 /* Lato-Regular.ttf */,
				FC93FE33234FA3E900F65581 /* Lato-BoldItalic.ttf */,
				FC93FE31234FA3E000F65581 /* Lato-Bold.ttf */,
				FC93FE2F234FA3C900F65581 /* FingerPaint-Regular.ttf */,
			);
			path = Fonts;
			sourceTree = "<group>";
		};
		FCC8FC2A2356217F00EE22FC /* XIB Cells */ = {
			isa = PBXGroup;
			children = (
				FCC8FC272356209200EE22FC /* myRequestsTableViewCell.xib */,
				FCC8FC262356209200EE22FC /* myRequestsTableViewCell.swift */,
			);
			path = "XIB Cells";
			sourceTree = "<group>";
		};
/* End PBXGroup section */

/* Begin PBXNativeTarget section */
		D4CDD46A234E8E8E00A6D5C5 /* ZoApp */ = {
			isa = PBXNativeTarget;
			buildConfigurationList = D4CDD47F234E8E8E00A6D5C5 /* Build configuration list for PBXNativeTarget "ZoApp" */;
			buildPhases = (
				D4CDD467234E8E8E00A6D5C5 /* Sources */,
				D4CDD468234E8E8E00A6D5C5 /* Frameworks */,
				D4CDD469234E8E8E00A6D5C5 /* Resources */,
			);
			buildRules = (
			);
			dependencies = (
			);
			name = ZoApp;
			productName = ZoApp;
			productReference = D4CDD46B234E8E8E00A6D5C5 /* Zo.app */;
			productType = "com.apple.product-type.application";
		};
/* End PBXNativeTarget section */

/* Begin PBXProject section */
		D4CDD463234E8E8D00A6D5C5 /* Project object */ = {
			isa = PBXProject;
			attributes = {
				LastSwiftUpdateCheck = 1100;
				LastUpgradeCheck = 1100;
				ORGANIZATIONNAME = "Cameron Stuart";
				TargetAttributes = {
					D4CDD46A234E8E8E00A6D5C5 = {
						CreatedOnToolsVersion = 11.0;
					};
				};
			};
			buildConfigurationList = D4CDD466234E8E8D00A6D5C5 /* Build configuration list for PBXProject "ZoApp" */;
			compatibilityVersion = "Xcode 9.3";
			developmentRegion = en;
			hasScannedForEncodings = 0;
			knownRegions = (
				en,
				Base,
			);
			mainGroup = D4CDD462234E8E8D00A6D5C5;
			productRefGroup = D4CDD46C234E8E8E00A6D5C5 /* Products */;
			projectDirPath = "";
			projectRoot = "";
			targets = (
				D4CDD46A234E8E8E00A6D5C5 /* ZoApp */,
			);
		};
/* End PBXProject section */

/* Begin PBXResourcesBuildPhase section */
		D4CDD469234E8E8E00A6D5C5 /* Resources */ = {
			isa = PBXResourcesBuildPhase;
			buildActionMask = 2147483647;
			files = (
				FC93FE2D234F9FB000F65581 /* Colors.xcassets in Resources */,
				D43CA0D6235E495400EA743E /* NoNetworkFound.storyboard in Resources */,
				D4CDD47B234E8E8E00A6D5C5 /* LaunchScreen.storyboard in Resources */,
				D4CDD4E5234E8F7000A6D5C5 /* Onboarding.storyboard in Resources */,
				FC93FE36234FA3F300F65581 /* Lato-Regular.ttf in Resources */,
				FC93FE34234FA3E900F65581 /* Lato-BoldItalic.ttf in Resources */,
				D4CDD4E9234E8F7000A6D5C5 /* BookmarkResponseAlert.storyboard in Resources */,
				D4CDD478234E8E8E00A6D5C5 /* Assets.xcassets in Resources */,
				D4CDD4EE234E8F7000A6D5C5 /* BlockUserAlert.storyboard in Resources */,
				D4CDD4E6234E8F7000A6D5C5 /* FavoriteResponseAlert.storyboard in Resources */,
				D4CDD4E7234E8F7000A6D5C5 /* Profile.storyboard in Resources */,
				D4CDD4EA234E8F7000A6D5C5 /* FlagPostAlert.storyboard in Resources */,
				FC93FE30234FA3C900F65581 /* FingerPaint-Regular.ttf in Resources */,
				D4CDD4EB234E8F7000A6D5C5 /* PointsAndRank.storyboard in Resources */,
				FC93FE32234FA3E000F65581 /* Lato-Bold.ttf in Resources */,
				D4CDD4F0234E8F7000A6D5C5 /* Daily.storyboard in Resources */,
				FCC8FC292356209200EE22FC /* myRequestsTableViewCell.xib in Resources */,
				D4CDD4EF234E8F7000A6D5C5 /* CreateRequest.storyboard in Resources */,
				D4CDD4E8234E8F7000A6D5C5 /* Requests.storyboard in Resources */,
				D4CDD4ED234E8F7000A6D5C5 /* TabController.storyboard in Resources */,
				D4CDD4E4234E8F7000A6D5C5 /* RulesAlert.storyboard in Resources */,
				FC93FE38234FA3FB00F65581 /* Lato-RegularItalic.ttf in Resources */,
			);
			runOnlyForDeploymentPostprocessing = 0;
		};
/* End PBXResourcesBuildPhase section */

/* Begin PBXSourcesBuildPhase section */
		D4CDD467234E8E8E00A6D5C5 /* Sources */ = {
			isa = PBXSourcesBuildPhase;
			buildActionMask = 2147483647;
			files = (
				D4CDD4B5234E8F4100A6D5C5 /* HowItWorksOnboardingViewController.swift in Sources */,
				D4CDD4B1234E8F4100A6D5C5 /* ProfileViewCell.swift in Sources */,
				FC93FE3A234FC37C00F65581 /* OnboardingTextField.swift in Sources */,
				FCC8FC282356209200EE22FC /* myRequestsTableViewCell.swift in Sources */,
				D4CDD4A2234E8F4100A6D5C5 /* DeletePastDailyEntryViewController.swift in Sources */,
				D423DD9B234FC1FD002FAE7F /* DateFormatters.swift in Sources */,
				D435FD34234F8CE900FD6DCC /* UnsplashRoute.swift in Sources */,
				FC00D8AB2350FB0A00BC2C30 /* PastDailyEntriesTableViewCell.swift in Sources */,
				D4CDD4AA234E8F4100A6D5C5 /* FlagPostAlertViewController.swift in Sources */,
				D490124D235D073300569245 /* EULAViewController.swift in Sources */,
				D4CDD4A7234E8F4100A6D5C5 /* PastRequestsTableViewCell.swift in Sources */,
				D4CDD4D1234E8F5A00A6D5C5 /* Daily.swift in Sources */,
				D435FD32234F8CDC00FD6DCC /* UnsplashPhoto.swift in Sources */,
				D4CDD4B6234E8F4100A6D5C5 /* WelcomeOnboardingViewController.swift in Sources */,
				D4CDD4A3234E8F4100A6D5C5 /* PastDailyEntryViewController.swift in Sources */,
				FC00D8A62350D26800BC2C30 /* TextViewExtension.swift in Sources */,
				D435FD36234F8D0B00FD6DCC /* UnsplashService.swift in Sources */,
				D4CDD4B4234E8F4100A6D5C5 /* MainTabViewController.swift in Sources */,
				D4CDD4B3234E8F4100A6D5C5 /* PointsAndRankVC.swift in Sources */,
				D4CDD4A6234E8F4100A6D5C5 /* ActiveRequestsTableViewCell.swift in Sources */,
				D4CDD4C2234E8F5500A6D5C5 /* RequestController.swift in Sources */,
				D4CDD46F234E8E8E00A6D5C5 /* AppDelegate.swift in Sources */,
				D4A8BD4C23577225000B8D21 /* UsernameController.swift in Sources */,
				D4CDD4C3234E8F5500A6D5C5 /* UserController.swift in Sources */,
				D4CDD4AF234E8F4100A6D5C5 /* BlockUserAlertViewController.swift in Sources */,
				D4A8BD4A235567AF000B8D21 /* ZoLabel.swift in Sources */,
				D4CDD471234E8E8E00A6D5C5 /* SceneDelegate.swift in Sources */,
				D4CDD4B2234E8F4100A6D5C5 /* ProfileViewController.swift in Sources */,
				D43CA0D4235E47BE00EA743E /* Reachability.swift in Sources */,
				FC00D8A82350F5FC00BC2C30 /* ZoButton.swift in Sources */,
				D4CDD4C0234E8F5500A6D5C5 /* ResponseController.swift in Sources */,
				FC93FE3C234FCE8300F65581 /* OnBoardingButton.swift in Sources */,
				D4CDD4C1234E8F5500A6D5C5 /* DailyController.swift in Sources */,
				D4CDD4D0234E8F5A00A6D5C5 /* Response.swift in Sources */,
				D4CDD4AC234E8F4100A6D5C5 /* FavoriteResponseAlertViewController.swift in Sources */,
				D43CA0D8235E4CA200EA743E /* NoNetworkFoundViewController.swift in Sources */,
				D4CDD4AD234E8F4100A6D5C5 /* CreateRequestViewController.swift in Sources */,
				D4CDD4A5234E8F4100A6D5C5 /* ResponseTableViewCell.swift in Sources */,
				FC93FE2B234F9F8200F65581 /* StyleGuide.swift in Sources */,
				D4CDD4D2234E8F5A00A6D5C5 /* Request.swift in Sources */,
				D4CDD4A8234E8F4100A6D5C5 /* ActiveRequestViewController.swift in Sources */,
				D4CDD4B0234E8F4100A6D5C5 /* BookmarkResponseAlertViewController.swift in Sources */,
				D4CDD4B7234E8F4100A6D5C5 /* RulesOnboardingViewController.swift in Sources */,
				D4CDD4A4234E8F4100A6D5C5 /* DailyViewController.swift in Sources */,
				D4CDD4BF234E8F5500A6D5C5 /* ChakraController.swift in Sources */,
				D4CDD4AB234E8F4100A6D5C5 /* RequestFeedViewController.swift in Sources */,
				D4CDD4B8234E8F4100A6D5C5 /* UsernameOnboardingViewController.swift in Sources */,
				D4CDD4AE234E8F4100A6D5C5 /* RulesAlertViewController.swift in Sources */,
				D4CDD4A9234E8F4100A6D5C5 /* RespondToRequestViewController.swift in Sources */,
				D4CDD4CF234E8F5A00A6D5C5 /* User.swift in Sources */,
			);
			runOnlyForDeploymentPostprocessing = 0;
		};
/* End PBXSourcesBuildPhase section */

/* Begin PBXVariantGroup section */
		D4CDD479234E8E8E00A6D5C5 /* LaunchScreen.storyboard */ = {
			isa = PBXVariantGroup;
			children = (
				D4CDD47A234E8E8E00A6D5C5 /* Base */,
			);
			name = LaunchScreen.storyboard;
			sourceTree = "<group>";
		};
/* End PBXVariantGroup section */

/* Begin XCBuildConfiguration section */
		D4CDD47D234E8E8E00A6D5C5 /* Debug */ = {
			isa = XCBuildConfiguration;
			buildSettings = {
				ALWAYS_SEARCH_USER_PATHS = NO;
				CLANG_ANALYZER_NONNULL = YES;
				CLANG_ANALYZER_NUMBER_OBJECT_CONVERSION = YES_AGGRESSIVE;
				CLANG_CXX_LANGUAGE_STANDARD = "gnu++14";
				CLANG_CXX_LIBRARY = "libc++";
				CLANG_ENABLE_MODULES = YES;
				CLANG_ENABLE_OBJC_ARC = YES;
				CLANG_ENABLE_OBJC_WEAK = YES;
				CLANG_WARN_BLOCK_CAPTURE_AUTORELEASING = YES;
				CLANG_WARN_BOOL_CONVERSION = YES;
				CLANG_WARN_COMMA = YES;
				CLANG_WARN_CONSTANT_CONVERSION = YES;
				CLANG_WARN_DEPRECATED_OBJC_IMPLEMENTATIONS = YES;
				CLANG_WARN_DIRECT_OBJC_ISA_USAGE = YES_ERROR;
				CLANG_WARN_DOCUMENTATION_COMMENTS = YES;
				CLANG_WARN_EMPTY_BODY = YES;
				CLANG_WARN_ENUM_CONVERSION = YES;
				CLANG_WARN_INFINITE_RECURSION = YES;
				CLANG_WARN_INT_CONVERSION = YES;
				CLANG_WARN_NON_LITERAL_NULL_CONVERSION = YES;
				CLANG_WARN_OBJC_IMPLICIT_RETAIN_SELF = YES;
				CLANG_WARN_OBJC_LITERAL_CONVERSION = YES;
				CLANG_WARN_OBJC_ROOT_CLASS = YES_ERROR;
				CLANG_WARN_RANGE_LOOP_ANALYSIS = YES;
				CLANG_WARN_STRICT_PROTOTYPES = YES;
				CLANG_WARN_SUSPICIOUS_MOVE = YES;
				CLANG_WARN_UNGUARDED_AVAILABILITY = YES_AGGRESSIVE;
				CLANG_WARN_UNREACHABLE_CODE = YES;
				CLANG_WARN__DUPLICATE_METHOD_MATCH = YES;
				COPY_PHASE_STRIP = NO;
				DEBUG_INFORMATION_FORMAT = dwarf;
				ENABLE_STRICT_OBJC_MSGSEND = YES;
				ENABLE_TESTABILITY = YES;
				GCC_C_LANGUAGE_STANDARD = gnu11;
				GCC_DYNAMIC_NO_PIC = NO;
				GCC_NO_COMMON_BLOCKS = YES;
				GCC_OPTIMIZATION_LEVEL = 0;
				GCC_PREPROCESSOR_DEFINITIONS = (
					"DEBUG=1",
					"$(inherited)",
				);
				GCC_WARN_64_TO_32_BIT_CONVERSION = YES;
				GCC_WARN_ABOUT_RETURN_TYPE = YES_ERROR;
				GCC_WARN_UNDECLARED_SELECTOR = YES;
				GCC_WARN_UNINITIALIZED_AUTOS = YES_AGGRESSIVE;
				GCC_WARN_UNUSED_FUNCTION = YES;
				GCC_WARN_UNUSED_VARIABLE = YES;
				IPHONEOS_DEPLOYMENT_TARGET = 13.0;
				MTL_ENABLE_DEBUG_INFO = INCLUDE_SOURCE;
				MTL_FAST_MATH = YES;
				ONLY_ACTIVE_ARCH = YES;
				SDKROOT = iphoneos;
				SWIFT_ACTIVE_COMPILATION_CONDITIONS = DEBUG;
				SWIFT_OPTIMIZATION_LEVEL = "-Onone";
			};
			name = Debug;
		};
		D4CDD47E234E8E8E00A6D5C5 /* Release */ = {
			isa = XCBuildConfiguration;
			buildSettings = {
				ALWAYS_SEARCH_USER_PATHS = NO;
				CLANG_ANALYZER_NONNULL = YES;
				CLANG_ANALYZER_NUMBER_OBJECT_CONVERSION = YES_AGGRESSIVE;
				CLANG_CXX_LANGUAGE_STANDARD = "gnu++14";
				CLANG_CXX_LIBRARY = "libc++";
				CLANG_ENABLE_MODULES = YES;
				CLANG_ENABLE_OBJC_ARC = YES;
				CLANG_ENABLE_OBJC_WEAK = YES;
				CLANG_WARN_BLOCK_CAPTURE_AUTORELEASING = YES;
				CLANG_WARN_BOOL_CONVERSION = YES;
				CLANG_WARN_COMMA = YES;
				CLANG_WARN_CONSTANT_CONVERSION = YES;
				CLANG_WARN_DEPRECATED_OBJC_IMPLEMENTATIONS = YES;
				CLANG_WARN_DIRECT_OBJC_ISA_USAGE = YES_ERROR;
				CLANG_WARN_DOCUMENTATION_COMMENTS = YES;
				CLANG_WARN_EMPTY_BODY = YES;
				CLANG_WARN_ENUM_CONVERSION = YES;
				CLANG_WARN_INFINITE_RECURSION = YES;
				CLANG_WARN_INT_CONVERSION = YES;
				CLANG_WARN_NON_LITERAL_NULL_CONVERSION = YES;
				CLANG_WARN_OBJC_IMPLICIT_RETAIN_SELF = YES;
				CLANG_WARN_OBJC_LITERAL_CONVERSION = YES;
				CLANG_WARN_OBJC_ROOT_CLASS = YES_ERROR;
				CLANG_WARN_RANGE_LOOP_ANALYSIS = YES;
				CLANG_WARN_STRICT_PROTOTYPES = YES;
				CLANG_WARN_SUSPICIOUS_MOVE = YES;
				CLANG_WARN_UNGUARDED_AVAILABILITY = YES_AGGRESSIVE;
				CLANG_WARN_UNREACHABLE_CODE = YES;
				CLANG_WARN__DUPLICATE_METHOD_MATCH = YES;
				COPY_PHASE_STRIP = NO;
				DEBUG_INFORMATION_FORMAT = "dwarf-with-dsym";
				ENABLE_NS_ASSERTIONS = NO;
				ENABLE_STRICT_OBJC_MSGSEND = YES;
				GCC_C_LANGUAGE_STANDARD = gnu11;
				GCC_NO_COMMON_BLOCKS = YES;
				GCC_WARN_64_TO_32_BIT_CONVERSION = YES;
				GCC_WARN_ABOUT_RETURN_TYPE = YES_ERROR;
				GCC_WARN_UNDECLARED_SELECTOR = YES;
				GCC_WARN_UNINITIALIZED_AUTOS = YES_AGGRESSIVE;
				GCC_WARN_UNUSED_FUNCTION = YES;
				GCC_WARN_UNUSED_VARIABLE = YES;
				IPHONEOS_DEPLOYMENT_TARGET = 13.0;
				MTL_ENABLE_DEBUG_INFO = NO;
				MTL_FAST_MATH = YES;
				SDKROOT = iphoneos;
				SWIFT_COMPILATION_MODE = wholemodule;
				SWIFT_OPTIMIZATION_LEVEL = "-O";
				VALIDATE_PRODUCT = YES;
			};
			name = Release;
		};
		D4CDD480234E8E8E00A6D5C5 /* Debug */ = {
			isa = XCBuildConfiguration;
			buildSettings = {
				ASSETCATALOG_COMPILER_APPICON_NAME = AppIcon;
				CODE_SIGN_ENTITLEMENTS = ZoApp/ZoApp.entitlements;
				CODE_SIGN_STYLE = Automatic;
				DEVELOPMENT_TEAM = KMTDCPCY5V;
				INFOPLIST_FILE = ZoApp/Resources/Info.plist;
				LD_RUNPATH_SEARCH_PATHS = (
					"$(inherited)",
					"@executable_path/Frameworks",
				);
				MARKETING_VERSION = 1.2.1;
				PRODUCT_BUNDLE_IDENTIFIER = com.CameronStuart.ZoApp;
				PRODUCT_NAME = Zo;
				SWIFT_VERSION = 5.0;
				TARGETED_DEVICE_FAMILY = 1;
			};
			name = Debug;
		};
		D4CDD481234E8E8E00A6D5C5 /* Release */ = {
			isa = XCBuildConfiguration;
			buildSettings = {
				ASSETCATALOG_COMPILER_APPICON_NAME = AppIcon;
				CODE_SIGN_ENTITLEMENTS = ZoApp/ZoApp.entitlements;
				CODE_SIGN_STYLE = Automatic;
				DEVELOPMENT_TEAM = KMTDCPCY5V;
				INFOPLIST_FILE = ZoApp/Resources/Info.plist;
				LD_RUNPATH_SEARCH_PATHS = (
					"$(inherited)",
					"@executable_path/Frameworks",
				);
				MARKETING_VERSION = 1.2.1;
				PRODUCT_BUNDLE_IDENTIFIER = com.CameronStuart.ZoApp;
				PRODUCT_NAME = Zo;
				SWIFT_VERSION = 5.0;
				TARGETED_DEVICE_FAMILY = 1;
			};
			name = Release;
		};
/* End XCBuildConfiguration section */

/* Begin XCConfigurationList section */
		D4CDD466234E8E8D00A6D5C5 /* Build configuration list for PBXProject "ZoApp" */ = {
			isa = XCConfigurationList;
			buildConfigurations = (
				D4CDD47D234E8E8E00A6D5C5 /* Debug */,
				D4CDD47E234E8E8E00A6D5C5 /* Release */,
			);
			defaultConfigurationIsVisible = 0;
			defaultConfigurationName = Release;
		};
		D4CDD47F234E8E8E00A6D5C5 /* Build configuration list for PBXNativeTarget "ZoApp" */ = {
			isa = XCConfigurationList;
			buildConfigurations = (
				D4CDD480234E8E8E00A6D5C5 /* Debug */,
				D4CDD481234E8E8E00A6D5C5 /* Release */,
			);
			defaultConfigurationIsVisible = 0;
			defaultConfigurationName = Release;
		};
/* End XCConfigurationList section */
	};
	rootObject = D4CDD463234E8E8D00A6D5C5 /* Project object */;
}
